
Microsoft Visual Studio Solution File, Format Version 12.00
# Visual Studio Version 17
VisualStudioVersion = 17.11.35327.3
MinimumVisualStudioVersion = 10.0.40219.1
Project("{9A19103F-16F7-4668-BE54-9A1E7A4F7556}") = "RabbitMQPublisher", "RabbitMQPublisher\RabbitMQPublisher.csproj", "{9F7510E9-3D78-47C2-976D-8F5A99334B62}"
EndProject
Project("{9A19103F-16F7-4668-BE54-9A1E7A4F7556}") = "RabbitMQSubscribe", "RabbitMQSubscribe\RabbitMQSubscribe.csproj", "{1E1D15B0-A2A6-4D02-9269-4CA5DA14327E}"
EndProject
Project("{FAE04EC0-301F-11D3-BF4B-00C04F79EFBC}") = "Shared", "Shared\Shared.csproj", "{4506C328-ABD8-4CA6-AB81-52FB451D6662}"
EndProject
Global
	GlobalSection(SolutionConfigurationPlatforms) = preSolution
		Debug|Any CPU = Debug|Any CPU
		Release|Any CPU = Release|Any CPU
	EndGlobalSection
	GlobalSection(ProjectConfigurationPlatforms) = postSolution
		{9F7510E9-3D78-47C2-976D-8F5A99334B62}.Debug|Any CPU.ActiveCfg = Debug|Any CPU
		{9F7510E9-3D78-47C2-976D-8F5A99334B62}.Debug|Any CPU.Build.0 = Debug|Any CPU
		{9F7510E9-3D78-47C2-976D-8F5A99334B62}.Release|Any CPU.ActiveCfg = Release|Any CPU
		{9F7510E9-3D78-47C2-976D-8F5A99334B62}.Release|Any CPU.Build.0 = Release|Any CPU
		{1E1D15B0-A2A6-4D02-9269-4CA5DA14327E}.Debug|Any CPU.ActiveCfg = Debug|Any CPU
		{1E1D15B0-A2A6-4D02-9269-4CA5DA14327E}.Debug|Any CPU.Build.0 = Debug|Any CPU
		{1E1D15B0-A2A6-4D02-9269-4CA5DA14327E}.Release|Any CPU.ActiveCfg = Release|Any CPU
		{1E1D15B0-A2A6-4D02-9269-4CA5DA14327E}.Release|Any CPU.Build.0 = Release|Any CPU
		{4506C328-ABD8-4CA6-AB81-52FB451D6662}.Debug|Any CPU.ActiveCfg = Debug|Any CPU
		{4506C328-ABD8-4CA6-AB81-52FB451D6662}.Debug|Any CPU.Build.0 = Debug|Any CPU
		{4506C328-ABD8-4CA6-AB81-52FB451D6662}.Release|Any CPU.ActiveCfg = Release|Any CPU
		{4506C328-ABD8-4CA6-AB81-52FB451D6662}.Release|Any CPU.Build.0 = Release|Any CPU
	EndGlobalSection
	GlobalSection(SolutionProperties) = preSolution
		HideSolutionNode = FALSE
	EndGlobalSection
	GlobalSection(ExtensibilityGlobals) = postSolution
		SolutionGuid = {B1D8443F-9D73-4BAF-A414-069813628FBF}
	EndGlobalSection
EndGlobal
